
Microsoft Visual Studio Solution File, Format Version 12.00
# Visual Studio Version 17
VisualStudioVersion = 17.4.33205.214
MinimumVisualStudioVersion = 10.0.40219.1
Project("{9A19103F-16F7-4668-BE54-9A1E7A4F7556}") = "AboutMe.Api", "AboutMe.Api\AboutMe.Api.csproj", "{31E2B6EB-ABCB-427F-9464-38C715AF9FB9}"
EndProject
Project("{9A19103F-16F7-4668-BE54-9A1E7A4F7556}") = "AboutMe.Business", "AboutMe.Business\AboutMe.Business.csproj", "{B40408DC-979E-45E3-A7A7-56282F1741BA}"
EndProject
Project("{2150E333-8FDC-42A3-9474-1A3956D46DE8}") = "Tests", "Tests", "{2D85DA11-C5F6-47C6-AAA0-006CAC919CEE}"
EndProject
Project("{9A19103F-16F7-4668-BE54-9A1E7A4F7556}") = "AboutMe.Api.Tests", "AboutMe.Api.Tests\AboutMe.Api.Tests.csproj", "{4312683F-33B7-453D-A0AA-8B204D7CE212}"
EndProject
Project("{9A19103F-16F7-4668-BE54-9A1E7A4F7556}") = "AboutMe.Business.Tests", "AboutMe.Business.Tests\AboutMe.Business.Tests.csproj", "{3611BA0E-BABB-4086-8139-805A353E4B8D}"
EndProject
Project("{2150E333-8FDC-42A3-9474-1A3956D46DE8}") = "Solution Items", "Solution Items", "{6BB49442-1BF3-401D-BEC8-95BB90E615AF}"
	ProjectSection(SolutionItems) = preProject
		.editorconfig = .editorconfig
		.runsettings = .runsettings
		.config\dotnet-tools.json = .config\dotnet-tools.json
		global.json = global.json
		readme.md = readme.md
		stryker-config.json = stryker-config.json
	EndProjectSection
EndProject
Project("{54A90642-561A-4BB1-A94E-469ADEE60C69}") = "AboutMe.Web", "AboutMe.Web\AboutMe.Web.esproj", "{FB32F22C-21F3-45EF-80AC-A985E18F1BE8}"
EndProject
Global
	GlobalSection(SolutionConfigurationPlatforms) = preSolution
		Debug|Any CPU = Debug|Any CPU
		Release|Any CPU = Release|Any CPU
	EndGlobalSection
	GlobalSection(ProjectConfigurationPlatforms) = postSolution
		{31E2B6EB-ABCB-427F-9464-38C715AF9FB9}.Debug|Any CPU.ActiveCfg = Debug|Any CPU
		{31E2B6EB-ABCB-427F-9464-38C715AF9FB9}.Debug|Any CPU.Build.0 = Debug|Any CPU
		{31E2B6EB-ABCB-427F-9464-38C715AF9FB9}.Release|Any CPU.ActiveCfg = Release|Any CPU
		{31E2B6EB-ABCB-427F-9464-38C715AF9FB9}.Release|Any CPU.Build.0 = Release|Any CPU
		{B40408DC-979E-45E3-A7A7-56282F1741BA}.Debug|Any CPU.ActiveCfg = Debug|Any CPU
		{B40408DC-979E-45E3-A7A7-56282F1741BA}.Debug|Any CPU.Build.0 = Debug|Any CPU
		{B40408DC-979E-45E3-A7A7-56282F1741BA}.Release|Any CPU.ActiveCfg = Release|Any CPU
		{B40408DC-979E-45E3-A7A7-56282F1741BA}.Release|Any CPU.Build.0 = Release|Any CPU
		{4312683F-33B7-453D-A0AA-8B204D7CE212}.Debug|Any CPU.ActiveCfg = Debug|Any CPU
		{4312683F-33B7-453D-A0AA-8B204D7CE212}.Debug|Any CPU.Build.0 = Debug|Any CPU
		{4312683F-33B7-453D-A0AA-8B204D7CE212}.Release|Any CPU.ActiveCfg = Release|Any CPU
		{4312683F-33B7-453D-A0AA-8B204D7CE212}.Release|Any CPU.Build.0 = Release|Any CPU
		{3611BA0E-BABB-4086-8139-805A353E4B8D}.Debug|Any CPU.ActiveCfg = Debug|Any CPU
		{3611BA0E-BABB-4086-8139-805A353E4B8D}.Debug|Any CPU.Build.0 = Debug|Any CPU
		{3611BA0E-BABB-4086-8139-805A353E4B8D}.Release|Any CPU.ActiveCfg = Release|Any CPU
		{3611BA0E-BABB-4086-8139-805A353E4B8D}.Release|Any CPU.Build.0 = Release|Any CPU
		{FB32F22C-21F3-45EF-80AC-A985E18F1BE8}.Debug|Any CPU.ActiveCfg = Debug|Any CPU
		{FB32F22C-21F3-45EF-80AC-A985E18F1BE8}.Debug|Any CPU.Build.0 = Debug|Any CPU
		{FB32F22C-21F3-45EF-80AC-A985E18F1BE8}.Debug|Any CPU.Deploy.0 = Debug|Any CPU
		{FB32F22C-21F3-45EF-80AC-A985E18F1BE8}.Release|Any CPU.ActiveCfg = Release|Any CPU
		{FB32F22C-21F3-45EF-80AC-A985E18F1BE8}.Release|Any CPU.Build.0 = Release|Any CPU
		{FB32F22C-21F3-45EF-80AC-A985E18F1BE8}.Release|Any CPU.Deploy.0 = Release|Any CPU
	EndGlobalSection
	GlobalSection(SolutionProperties) = preSolution
		HideSolutionNode = FALSE
	EndGlobalSection
	GlobalSection(NestedProjects) = preSolution
		{4312683F-33B7-453D-A0AA-8B204D7CE212} = {2D85DA11-C5F6-47C6-AAA0-006CAC919CEE}
		{3611BA0E-BABB-4086-8139-805A353E4B8D} = {2D85DA11-C5F6-47C6-AAA0-006CAC919CEE}
	EndGlobalSection
	GlobalSection(ExtensibilityGlobals) = postSolution
		SolutionGuid = {EECE746E-C651-4A6E-962D-DE063C7470A6}
	EndGlobalSection
EndGlobal
